
Microsoft Visual Studio Solution File, Format Version 12.00
# Visual Studio Version 17
VisualStudioVersion = 17.7.34003.232
MinimumVisualStudioVersion = 10.0.40219.1
Project("{FAE04EC0-301F-11D3-BF4B-00C04F79EFBC}") = "OnlineApp", "OnlineApp\OnlineApp.csproj", "{99F16F9A-4614-47C2-8A9D-D5E6B2772D56}"
EndProject
Global
	GlobalSection(SolutionConfigurationPlatforms) = preSolution
		Debug|Any CPU = Debug|Any CPU
		Release|Any CPU = Release|Any CPU
	EndGlobalSection
	GlobalSection(ProjectConfigurationPlatforms) = postSolution
		{99F16F9A-4614-47C2-8A9D-D5E6B2772D56}.Debug|Any CPU.ActiveCfg = Debug|Any CPU
		{99F16F9A-4614-47C2-8A9D-D5E6B2772D56}.Debug|Any CPU.Build.0 = Debug|Any CPU
		{99F16F9A-4614-47C2-8A9D-D5E6B2772D56}.Release|Any CPU.ActiveCfg = Release|Any CPU
		{99F16F9A-4614-47C2-8A9D-D5E6B2772D56}.Release|Any CPU.Build.0 = Release|Any CPU
	EndGlobalSection
	GlobalSection(SolutionProperties) = preSolution
		HideSolutionNode = FALSE
	EndGlobalSection
	GlobalSection(ExtensibilityGlobals) = postSolution
		SolutionGuid = {CBBE5646-1131-4BC3-9CA1-11D9A7814B19}
	EndGlobalSection
EndGlobal
